
Microsoft Visual Studio Solution File, Format Version 12.00
# 
Project("{FAE04EC0-301F-11D3-BF4B-00C04F79EFBC}") = "Fiber", "Fiber\Fiber.csproj", "{EFCE8A30-93CD-4E58-8956-880A641A341A}"
EndProject
Project("{FAE04EC0-301F-11D3-BF4B-00C04F79EFBC}") = "FiberDemo", "FiberDemo\FiberDemo.csproj", "{524BF928-589C-47B8-ABFC-4B071EA191ED}"
EndProject
Global
	GlobalSection(SolutionConfigurationPlatforms) = preSolution
		Debug|Any CPU = Debug|Any CPU
		Release|Any CPU = Release|Any CPU
	EndGlobalSection
	GlobalSection(ProjectConfigurationPlatforms) = postSolution
		{EFCE8A30-93CD-4E58-8956-880A641A341A}.Debug|Any CPU.ActiveCfg = Debug|Any CPU
		{EFCE8A30-93CD-4E58-8956-880A641A341A}.Debug|Any CPU.Build.0 = Debug|Any CPU
		{EFCE8A30-93CD-4E58-8956-880A641A341A}.Release|Any CPU.ActiveCfg = Release|Any CPU
		{EFCE8A30-93CD-4E58-8956-880A641A341A}.Release|Any CPU.Build.0 = Release|Any CPU
		{524BF928-589C-47B8-ABFC-4B071EA191ED}.Debug|Any CPU.ActiveCfg = Debug|Any CPU
		{524BF928-589C-47B8-ABFC-4B071EA191ED}.Debug|Any CPU.Build.0 = Debug|Any CPU
		{524BF928-589C-47B8-ABFC-4B071EA191ED}.Release|Any CPU.ActiveCfg = Release|Any CPU
		{524BF928-589C-47B8-ABFC-4B071EA191ED}.Release|Any CPU.Build.0 = Release|Any CPU
	EndGlobalSection
EndGlobal
